// !$*UTF8*$!
{
	archiveVersion = 1;
	classes = {
	};
	objectVersion = 77;
	objects = {

/* Begin PBXContainerItemProxy section */
		4403D7BC302DFC3600A8FC53 /* PBXContainerItemProxy */ = {
			isa = PBXContainerItemProxy;
			containerPortal = 4403D7A4302DFC3400A8FC53 /* Project object */;
			proxyType = 1;
			remoteGlobalIDString = 4403D7AB302DFC3400A8FC53;
			remoteInfo = SubscriptionTracker;
		};
		4403D7C6302DFC3600A8FC53 /* PBXContainerItemProxy */ = {
			isa = PBXContainerItemProxy;
			containerPortal = 4403D7A4302DFC3400A8FC53 /* Project object */;
			proxyType = 1;
			remoteGlobalIDString = 4403D7AB302DFC3400A8FC53;
			remoteInfo = SubscriptionTracker;
		};
/* End PBXContainerItemProxy section */

/* Begin PBXFileReference section */
		4403D7AC302DFC3400A8FC53 /* SubscriptionTracker.app */ = {isa = PBXFileReference; explicitFileType = wrapper.application; includeInIndex = 0; path = SubscriptionTracker.app; sourceTree = BUILT_PRODUCTS_DIR; };
		4403D7BB302DFC3600A8FC53 /* SubscriptionTrackerTests.xctest */ = {isa = PBXFileReference; explicitFileType = wrapper.cfbundle; includeInIndex = 0; path = SubscriptionTrackerTests.xctest; sourceTree = BUILT_PRODUCTS_DIR; };
		4403D7C5302DFC3600A8FC53 /* SubscriptionTrackerUITests.xctest */ = {isa = PBXFileReference; explicitFileType = wrapper.cfbundle; includeInIndex = 0; path = SubscriptionTrackerUITests.xctest; sourceTree = BUILT_PRODUCTS_DIR; };
/* End PBXFileReference section */

/* Begin PBXFileSystemSynchronizedBuildFileExceptionSet section */
		44C0991E30320D3F00A97E90 /* Exceptions for "SubscriptionTracker" folder in "SubscriptionTracker" target */ = {
			isa = PBXFileSystemSynchronizedBuildFileExceptionSet;
			membershipExceptions = (
				Info.plist,
			);
			target = 4403D7AB302DFC3400A8FC53 /* SubscriptionTracker */;
		};
/* End PBXFileSystemSynchronizedBuildFileExceptionSet section */

/* Begin PBXFileSystemSynchronizedRootGroup section */
		4403D7BE302DFC3600A8FC53 /* SubscriptionTrackerTests */ = {
			isa = PBXFileSystemSynchronizedRootGroup;
			path = SubscriptionTrackerTests;
			sourceTree = "<group>";
		};
		4403D7C8302DFC3600A8FC53 /* SubscriptionTrackerUITests */ = {
			isa = PBXFileSystemSynchronizedRootGroup;
			path = SubscriptionTrackerUITests;
			sourceTree = "<group>";
		};
		4403D7FF302E079B00A8FC53 /* SubscriptionTracker */ = {
			isa = PBXFileSystemSynchronizedRootGroup;
			exceptions = (
				44C0991E30320D3F00A97E90 /* Exceptions for "SubscriptionTracker" folder in "SubscriptionTracker" target */,
			);
			path = SubscriptionTracker;
			sourceTree = "<group>";
		};
/* End PBXFileSystemSynchronizedRootGroup section */

/* Begin PBXFrameworksBuildPhase section */
		4403D7A9302DFC3400A8FC53 /* Frameworks */ = {
			isa = PBXFrameworksBuildPhase;
			buildActionMask = 2147483647;
			files = (
			);
			runOnlyForDeploymentPostprocessing = 0;
		};
		4403D7B8302DFC3600A8FC53 /* Frameworks */ = {
			isa = PBXFrameworksBuildPhase;
			buildActionMask = 2147483647;
			files = (
			);
			runOnlyForDeploymentPostprocessing = 0;
		};
		4403D7C2302DFC3600A8FC53 /* Frameworks */ = {
			isa = PBXFrameworksBuildPhase;
			buildActionMask = 2147483647;
			files = (
			);
			runOnlyForDeploymentPostprocessing = 0;
		};
/* End PBXFrameworksBuildPhase section */

/* Begin PBXGroup section */
		4403D7A3302DFC3400A8FC53 = {
			isa = PBXGroup;
			children = (
				4403D7FF302E079B00A8FC53 /* SubscriptionTracker */,
				4403D7BE302DFC3600A8FC53 /* SubscriptionTrackerTests */,
				4403D7C8302DFC3600A8FC53 /* SubscriptionTrackerUITests */,
				4403D7AD302DFC3400A8FC53 /* Products */,
			);
			sourceTree = "<group>";
		};
		4403D7AD302DFC3400A8FC53 /* Products */ = {
			isa = PBXGroup;
			children = (
				4403D7AC302DFC3400A8FC53 /* SubscriptionTracker.app */,
				4403D7BB302DFC3600A8FC53 /* SubscriptionTrackerTests.xctest */,
				4403D7C5302DFC3600A8FC53 /* SubscriptionTrackerUITests.xctest */,
			);
			name = Products;
			sourceTree = "<group>";
		};
/* End PBXGroup section */

/* Begin PBXNativeTarget section */
		4403D7AB302DFC3400A8FC53 /* SubscriptionTracker */ = {
			isa = PBXNativeTarget;
			buildConfigurationList = 4403D7CF302DFC3600A8FC53 /* Build configuration list for PBXNativeTarget "SubscriptionTracker" */;
			buildPhases = (
				4403D7A8302DFC3400A8FC53 /* Sources */,
				4403D7A9302DFC3400A8FC53 /* Frameworks */,
				4403D7AA302DFC3400A8FC53 /* Resources */,
			);
			buildRules = (
			);
			dependencies = (
			);
			fileSystemSynchronizedGroups = (
				4403D7FF302E079B00A8FC53 /* SubscriptionTracker */,
			);
			name = SubscriptionTracker;
			packageProductDependencies = (
			);
			productName = SubscriptionTracker;
			productReference = 4403D7AC302DFC3400A8FC53 /* SubscriptionTracker.app */;
			productType = "com.apple.product-type.application";
		};
		4403D7BA302DFC3600A8FC53 /* SubscriptionTrackerTests */ = {
			isa = PBXNativeTarget;
			buildConfigurationList = 4403D7D2302DFC3600A8FC53 /* Build configuration list for PBXNativeTarget "SubscriptionTrackerTests" */;
			buildPhases = (
				4403D7B7302DFC3600A8FC53 /* Sources */,
				4403D7B8302DFC3600A8FC53 /* Frameworks */,
				4403D7B9302DFC3600A8FC53 /* Resources */,
			);
			buildRules = (
			);
			dependencies = (
				4403D7BD302DFC3600A8FC53 /* PBXTargetDependency */,
			);
			fileSystemSynchronizedGroups = (
				4403D7BE302DFC3600A8FC53 /* SubscriptionTrackerTests */,
			);
			name = SubscriptionTrackerTests;
			packageProductDependencies = (
			);
			productName = SubscriptionTrackerTests;
			productReference = 4403D7BB302DFC3600A8FC53 /* SubscriptionTrackerTests.xctest */;
			productType = "com.apple.product-type.bundle.unit-test";
		};
		4403D7C4302DFC3600A8FC53 /* SubscriptionTrackerUITests */ = {
			isa = PBXNativeTarget;
			buildConfigurationList = 4403D7D5302DFC3600A8FC53 /* Build configuration list for PBXNativeTarget "SubscriptionTrackerUITests" */;
			buildPhases = (
				4403D7C1302DFC3600A8FC53 /* Sources */,
				4403D7C2302DFC3600A8FC53 /* Frameworks */,
				4403D7C3302DFC3600A8FC53 /* Resources */,
			);
			buildRules = (
			);
			dependencies = (
				4403D7C7302DFC3600A8FC53 /* PBXTargetDependency */,
			);
			fileSystemSynchronizedGroups = (
				4403D7C8302DFC3600A8FC53 /* SubscriptionTrackerUITests */,
			);
			name = SubscriptionTrackerUITests;
			packageProductDependencies = (
			);
			productName = SubscriptionTrackerUITests;
			productReference = 4403D7C5302DFC3600A8FC53 /* SubscriptionTrackerUITests.xctest */;
			productType = "com.apple.product-type.bundle.ui-testing";
		};
/* End PBXNativeTarget section */

/* Begin PBXProject section */
		4403D7A4302DFC3400A8FC53 /* Project object */ = {
			isa = PBXProject;
			attributes = {
				BuildIndependentTargetsInParallel = 1;
				LastSwiftUpdateCheck = 2650;
				LastUpgradeCheck = 2650;
				TargetAttributes = {
					4403D7AB302DFC3400A8FC53 = {
						CreatedOnToolsVersion = 26.5;
					};
					4403D7BA302DFC3600A8FC53 = {
						CreatedOnToolsVersion = 26.5;
						TestTargetID = 4403D7AB302DFC3400A8FC53;
					};
					4403D7C4302DFC3600A8FC53 = {
						CreatedOnToolsVersion = 26.5;
						TestTargetID = 4403D7AB302DFC3400A8FC53;
					};
				};
			};
			buildConfigurationList = 4403D7A7302DFC3400A8FC53 /* Build configuration list for PBXProject "SubscriptionTracker" */;
			developmentRegion = en;
			hasScannedForEncodings = 0;
			knownRegions = (
				en,
				Base,
			);
			mainGroup = 4403D7A3302DFC3400A8FC53;
			minimizedProjectReferenceProxies = 1;
			preferredProjectObjectVersion = 77;
			productRefGroup = 4403D7AD302DFC3400A8FC53 /* Products */;
			projectDirPath = "";
			projectRoot = "";
			targets = (
				4403D7AB302DFC3400A8FC53 /* SubscriptionTracker */,
				4403D7BA302DFC3600A8FC53 /* SubscriptionTrackerTests */,
				4403D7C4302DFC3600A8FC53 /* SubscriptionTrackerUITests */,
			);
		};
/* End PBXProject section */

/* Begin PBXResourcesBuildPhase section */
		4403D7AA302DFC3400A8FC53 /* Resources */ = {
			isa = PBXResourcesBuildPhase;
			buildActionMask = 2147483647;
			files = (
			);
			runOnlyForDeploymentPostprocessing = 0;
		};
		4403D7B9302DFC3600A8FC53 /* Resources */ = {
			isa = PBXResourcesBuildPhase;
			buildActionMask = 2147483647;
			files = (
			);
			runOnlyForDeploymentPostprocessing = 0;
		};
		4403D7C3302DFC3600A8FC53 /* Resources */ = {
			isa = PBXResourcesBuildPhase;
			buildActionMask = 2147483647;
			files = (
			);
			runOnlyForDeploymentPostprocessing = 0;
		};
/* End PBXResourcesBuildPhase section */

/* Begin PBXSourcesBuildPhase section */
		4403D7A8302DFC3400A8FC53 /* Sources */ = {
			isa = PBXSourcesBuildPhase;
			buildActionMask = 2147483647;
			files = (
			);
			runOnlyForDeploymentPostprocessing = 0;
		};
		4403D7B7302DFC3600A8FC53 /* Sources */ = {
			isa = PBXSourcesBuildPhase;
			buildActionMask = 2147483647;
			files = (
			);
			runOnlyForDeploymentPostprocessing = 0;
		};
		4403D7C1302DFC3600A8FC53 /* Sources */ = {
			isa = PBXSourcesBuildPhase;
			buildActionMask = 2147483647;
			files = (
			);
			runOnlyForDeploymentPostprocessing = 0;
		};
/* End PBXSourcesBuildPhase section */

/* Begin PBXTargetDependency section */
		4403D7BD302DFC3600A8FC53 /* PBXTargetDependency */ = {
			isa = PBXTargetDependency;
			target = 4403D7AB302DFC3400A8FC53 /* SubscriptionTracker */;
			targetProxy = 4403D7BC302DFC3600A8FC53 /* PBXContainerItemProxy */;
		};
		4403D7C7302DFC3600A8FC53 /* PBXTargetDependency */ = {
			isa = PBXTargetDependency;
			target = 4403D7AB302DFC3400A8FC53 /* SubscriptionTracker */;
			targetProxy = 4403D7C6302DFC3600A8FC53 /* PBXContainerItemProxy */;
		};
/* End PBXTargetDependency section */

/* Begin XCBuildConfiguration section */
		4403D7CD302DFC3600A8FC53 /* Debug */ = {
			isa = XCBuildConfiguration;
			buildSettings = {
				ALWAYS_SEARCH_USER_PATHS = NO;
				ASSETCATALOG_COMPILER_GENERATE_SWIFT_ASSET_SYMBOL_EXTENSIONS = YES;
				CLANG_ANALYZER_NONNULL = YES;
				CLANG_ANALYZER_NUMBER_OBJECT_CONVERSION = YES_AGGRESSIVE;
				CLANG_CXX_LANGUAGE_STANDARD = "gnu++20";
				CLANG_ENABLE_MODULES = YES;
				CLANG_ENABLE_OBJC_ARC = YES;
				CLANG_ENABLE_OBJC_WEAK = YES;
				CLANG_WARN_BLOCK_CAPTURE_AUTORELEASING = YES;
				CLANG_WARN_BOOL_CONVERSION = YES;
				CLANG_WARN_COMMA = YES;
				CLANG_WARN_CONSTANT_CONVERSION = YES;
				CLANG_WARN_DEPRECATED_OBJC_IMPLEMENTATIONS = YES;
				CLANG_WARN_DIRECT_OBJC_ISA_USAGE = YES_ERROR;
				CLANG_WARN_DOCUMENTATION_COMMENTS = YES;
				CLANG_WARN_EMPTY_BODY = YES;
				CLANG_WARN_ENUM_CONVERSION = YES;
				CLANG_WARN_INFINITE_RECURSION = YES;
				CLANG_WARN_INT_CONVERSION = YES;
				CLANG_WARN_NON_LITERAL_NULL_CONVERSION = YES;
				CLANG_WARN_OBJC_IMPLICIT_RETAIN_SELF = YES;
				CLANG_WARN_OBJC_LITERAL_CONVERSION = YES;
				CLANG_WARN_OBJC_ROOT_CLASS = YES_ERROR;
				CLANG_WARN_QUOTED_INCLUDE_IN_FRAMEWORK_HEADER = YES;
				CLANG_WARN_RANGE_LOOP_ANALYSIS = YES;
				CLANG_WARN_STRICT_PROTOTYPES = YES;
				CLANG_WARN_SUSPICIOUS_MOVE = YES;
				CLANG_WARN_UNGUARDED_AVAILABILITY = YES_AGGRESSIVE;
				CLANG_WARN_UNREACHABLE_CODE = YES;
				CLANG_WARN__DUPLICATE_METHOD_MATCH = YES;
				COPY_PHASE_STRIP = NO;
				DEBUG_INFORMATION_FORMAT = dwarf;
				DEVELOPMENT_TEAM = 7YDJPF69B8;
				ENABLE_STRICT_OBJC_MSGSEND = YES;
				ENABLE_TESTABILITY = YES;
				ENABLE_USER_SCRIPT_SANDBOXING = YES;
				GCC_C_LANGUAGE_STANDARD = gnu17;
				GCC_DYNAMIC_NO_PIC = NO;
				GCC_NO_COMMON_BLOCKS = YES;
				GCC_OPTIMIZATION_LEVEL = 0;
				GCC_PREPROCESSOR_DEFINITIONS = (
					"DEBUG=1",
					"$(inherited)",
				);
				GCC_WARN_64_TO_32_BIT_CONVERSION = YES;
				GCC_WARN_ABOUT_RETURN_TYPE = YES_ERROR;
				GCC_WARN_UNDECLARED_SELECTOR = YES;
				GCC_WARN_UNINITIALIZED_AUTOS = YES_AGGRESSIVE;
				GCC_WARN_UNUSED_FUNCTION = YES;
				GCC_WARN_UNUSED_VARIABLE = YES;
				IPHONEOS_DEPLOYMENT_TARGET = 26.5;
				LOCALIZATION_PREFERS_STRING_CATALOGS = YES;
				MTL_ENABLE_DEBUG_INFO = INCLUDE_SOURCE;
				MTL_FAST_MATH = YES;
				ONLY_ACTIVE_ARCH = YES;
				SDKROOT = iphoneos;
				SWIFT_ACTIVE_COMPILATION_CONDITIONS = "DEBUG $(inherited)";
				SWIFT_OPTIMIZATION_LEVEL = "-Onone";
			};
			name = Debug;
		};
		4403D7CE302DFC3600A8FC53 /* Release */ = {
			isa = XCBuildConfiguration;
			buildSettings = {
				ALWAYS_SEARCH_USER_PATHS = NO;
				ASSETCATALOG_COMPILER_GENERATE_SWIFT_ASSET_SYMBOL_EXTENSIONS = YES;
				CLANG_ANALYZER_NONNULL = YES;
				CLANG_ANALYZER_NUMBER_OBJECT_CONVERSION = YES_AGGRESSIVE;
				CLANG_CXX_LANGUAGE_STANDARD = "gnu++20";
				CLANG_ENABLE_MODULES = YES;
				CLANG_ENABLE_OBJC_ARC = YES;
				CLANG_ENABLE_OBJC_WEAK = YES;
				CLANG_WARN_BLOCK_CAPTURE_AUTORELEASING = YES;
				CLANG_WARN_BOOL_CONVERSION = YES;
				CLANG_WARN_COMMA = YES;
				CLANG_WARN_CONSTANT_CONVERSION = YES;
				CLANG_WARN_DEPRECATED_OBJC_IMPLEMENTATIONS = YES;
				CLANG_WARN_DIRECT_OBJC_ISA_USAGE = YES_ERROR;
				CLANG_WARN_DOCUMENTATION_COMMENTS = YES;
				CLANG_WARN_EMPTY_BODY = YES;
				CLANG_WARN_ENUM_CONVERSION = YES;
				CLANG_WARN_INFINITE_RECURSION = YES;
				CLANG_WARN_INT_CONVERSION = YES;
				CLANG_WARN_NON_LITERAL_NULL_CONVERSION = YES;
				CLANG_WARN_OBJC_IMPLICIT_RETAIN_SELF = YES;
				CLANG_WARN_OBJC_LITERAL_CONVERSION = YES;
				CLANG_WARN_OBJC_ROOT_CLASS = YES_ERROR;
				CLANG_WARN_QUOTED_INCLUDE_IN_FRAMEWORK_HEADER = YES;
				CLANG_WARN_RANGE_LOOP_ANALYSIS = YES;
				CLANG_WARN_STRICT_PROTOTYPES = YES;
				CLANG_WARN_SUSPICIOUS_MOVE = YES;
				CLANG_WARN_UNGUARDED_AVAILABILITY = YES_AGGRESSIVE;
				CLANG_WARN_UNREACHABLE_CODE = YES;
				CLANG_WARN__DUPLICATE_METHOD_MATCH = YES;
				COPY_PHASE_STRIP = NO;
				DEBUG_INFORMATION_FORMAT = "dwarf-with-dsym";
				DEVELOPMENT_TEAM = 7YDJPF69B8;
				ENABLE_NS_ASSERTIONS = NO;
				ENABLE_STRICT_OBJC_MSGSEND = YES;
				ENABLE_USER_SCRIPT_SANDBOXING = YES;
				GCC_C_LANGUAGE_STANDARD = gnu17;
				GCC_NO_COMMON_BLOCKS = YES;
				GCC_WARN_64_TO_32_BIT_CONVERSION = YES;
				GCC_WARN_ABOUT_RETURN_TYPE = YES_ERROR;
				GCC_WARN_UNDECLARED_SELECTOR = YES;
				GCC_WARN_UNINITIALIZED_AUTOS = YES_AGGRESSIVE;
				GCC_WARN_UNUSED_FUNCTION = YES;
				GCC_WARN_UNUSED_VARIABLE = YES;
				IPHONEOS_DEPLOYMENT_TARGET = 26.5;
				LOCALIZATION_PREFERS_STRING_CATALOGS = YES;
				MTL_ENABLE_DEBUG_INFO = NO;
				MTL_FAST_MATH = YES;
				SDKROOT = iphoneos;
				SWIFT_COMPILATION_MODE = wholemodule;
				VALIDATE_PRODUCT = YES;
			};
			name = Release;
		};
		4403D7D0302DFC3600A8FC53 /* Debug */ = {
			isa = XCBuildConfiguration;
			buildSettings = {
				ASSETCATALOG_COMPILER_APPICON_NAME = AppIcon;
				ASSETCATALOG_COMPILER_GLOBAL_ACCENT_COLOR_NAME = AccentColor;
				CODE_SIGN_STYLE = Automatic;
				CURRENT_PROJECT_VERSION = 2;
				DEVELOPMENT_TEAM = 7YDJPF69B8;
				ENABLE_PREVIEWS = YES;
				GENERATE_INFOPLIST_FILE = YES;
				INFOPLIST_FILE = SubscriptionTracker/Info.plist;
				INFOPLIST_KEY_CFBundleDisplayName = "PDP Tracker";
				INFOPLIST_KEY_ITSAppUsesNonExemptEncryption = NO;
				INFOPLIST_KEY_LSApplicationCategoryType = "public.app-category.finance";
				INFOPLIST_KEY_UIApplicationSceneManifest_Generation = YES;
				INFOPLIST_KEY_UIApplicationSupportsIndirectInputEvents = YES;
				INFOPLIST_KEY_UILaunchScreen_Generation = YES;
				INFOPLIST_KEY_UISupportedInterfaceOrientations_iPad = "UIInterfaceOrientationPortrait UIInterfaceOrientationPortraitUpsideDown UIInterfaceOrientationLandscapeLeft UIInterfaceOrientationLandscapeRight";
				INFOPLIST_KEY_UISupportedInterfaceOrientations_iPhone = "UIInterfaceOrientationPortrait UIInterfaceOrientationLandscapeLeft UIInterfaceOrientationLandscapeRight";
				IPHONEOS_DEPLOYMENT_TARGET = 17.6;
				LD_RUNPATH_SEARCH_PATHS = (
					"$(inherited)",
					"@executable_path/Frameworks",
				);
				MARKETING_VERSION = 1.0;
				PRODUCT_BUNDLE_IDENTIFIER = com.provosthomedesign.SubscriptionTracker;
				PRODUCT_NAME = "$(TARGET_NAME)";
				STRING_CATALOG_GENERATE_SYMBOLS = YES;
				SUPPORTED_PLATFORMS = "iphoneos iphonesimulator";
				SUPPORTS_MACCATALYST = NO;
				SUPPORTS_MAC_DESIGNED_FOR_IPHONE_IPAD = NO;
				SUPPORTS_XR_DESIGNED_FOR_IPHONE_IPAD = NO;
				SWIFT_APPROACHABLE_CONCURRENCY = YES;
				SWIFT_DEFAULT_ACTOR_ISOLATION = MainActor;
				SWIFT_EMIT_LOC_STRINGS = YES;
				SWIFT_UPCOMING_FEATURE_MEMBER_IMPORT_VISIBILITY = YES;
				SWIFT_VERSION = 5.0;
				TARGETED_DEVICE_FAMILY = 1;
			};
			name = Debug;
		};
		4403D7D1302DFC3600A8FC53 /* Release */ = {
			isa = XCBuildConfiguration;
			buildSettings = {
				ASSETCATALOG_COMPILER_APPICON_NAME = AppIcon;
				ASSETCATALOG_COMPILER_GLOBAL_ACCENT_COLOR_NAME = AccentColor;
				CODE_SIGN_STYLE = Automatic;
				CURRENT_PROJECT_VERSION = 2;
				DEVELOPMENT_TEAM = 7YDJPF69B8;
				ENABLE_PREVIEWS = YES;
				GENERATE_INFOPLIST_FILE = YES;
				INFOPLIST_FILE = SubscriptionTracker/Info.plist;
				INFOPLIST_KEY_CFBundleDisplayName = "PDP Tracker";
				INFOPLIST_KEY_ITSAppUsesNonExemptEncryption = NO;
				INFOPLIST_KEY_LSApplicationCategoryType = "public.app-category.finance";
				INFOPLIST_KEY_UIApplicationSceneManifest_Generation = YES;
				INFOPLIST_KEY_UIApplicationSupportsIndirectInputEvents = YES;
				INFOPLIST_KEY_UILaunchScreen_Generation = YES;
				INFOPLIST_KEY_UISupportedInterfaceOrientations_iPad = "UIInterfaceOrientationPortrait UIInterfaceOrientationPortraitUpsideDown UIInterfaceOrientationLandscapeLeft UIInterfaceOrientationLandscapeRight";
				INFOPLIST_KEY_UISupportedInterfaceOrientations_iPhone = "UIInterfaceOrientationPortrait UIInterfaceOrientationLandscapeLeft UIInterfaceOrientationLandscapeRight";
				IPHONEOS_DEPLOYMENT_TARGET = 17.6;
				LD_RUNPATH_SEARCH_PATHS = (
					"$(inherited)",
					"@executable_path/Frameworks",
				);
				MARKETING_VERSION = 1.0;
				PRODUCT_BUNDLE_IDENTIFIER = com.provosthomedesign.SubscriptionTracker;
				PRODUCT_NAME = "$(TARGET_NAME)";
				STRING_CATALOG_GENERATE_SYMBOLS = YES;
				SUPPORTED_PLATFORMS = "iphoneos iphonesimulator";
				SUPPORTS_MACCATALYST = NO;
				SUPPORTS_MAC_DESIGNED_FOR_IPHONE_IPAD = NO;
				SUPPORTS_XR_DESIGNED_FOR_IPHONE_IPAD = NO;
				SWIFT_APPROACHABLE_CONCURRENCY = YES;
				SWIFT_DEFAULT_ACTOR_ISOLATION = MainActor;
				SWIFT_EMIT_LOC_STRINGS = YES;
				SWIFT_UPCOMING_FEATURE_MEMBER_IMPORT_VISIBILITY = YES;
				SWIFT_VERSION = 5.0;
				TARGETED_DEVICE_FAMILY = 1;
			};
			name = Release;
		};
		4403D7D3302DFC3600A8FC53 /* Debug */ = {
			isa = XCBuildConfiguration;
			buildSettings = {
				BUNDLE_LOADER = "$(TEST_HOST)";
				CODE_SIGN_STYLE = Automatic;
				CURRENT_PROJECT_VERSION = 1;
				DEVELOPMENT_TEAM = 7YDJPF69B8;
				GENERATE_INFOPLIST_FILE = YES;
				IPHONEOS_DEPLOYMENT_TARGET = 26.5;
				MARKETING_VERSION = 1.0;
				PRODUCT_BUNDLE_IDENTIFIER = com.provosthomedesign.SubscriptionTrackerTests;
				PRODUCT_NAME = "$(TARGET_NAME)";
				STRING_CATALOG_GENERATE_SYMBOLS = NO;
				SWIFT_APPROACHABLE_CONCURRENCY = YES;
				SWIFT_EMIT_LOC_STRINGS = NO;
				SWIFT_UPCOMING_FEATURE_MEMBER_IMPORT_VISIBILITY = YES;
				SWIFT_VERSION = 5.0;
				TARGETED_DEVICE_FAMILY = "1,2";
				TEST_HOST = "$(BUILT_PRODUCTS_DIR)/SubscriptionTracker.app/$(BUNDLE_EXECUTABLE_FOLDER_PATH)/SubscriptionTracker";
			};
			name = Debug;
		};
		4403D7D4302DFC3600A8FC53 /* Release */ = {
			isa = XCBuildConfiguration;
			buildSettings = {
				BUNDLE_LOADER = "$(TEST_HOST)";
				CODE_SIGN_STYLE = Automatic;
				CURRENT_PROJECT_VERSION = 1;
				DEVELOPMENT_TEAM = 7YDJPF69B8;
				GENERATE_INFOPLIST_FILE = YES;
				IPHONEOS_DEPLOYMENT_TARGET = 26.5;
				MARKETING_VERSION = 1.0;
				PRODUCT_BUNDLE_IDENTIFIER = com.provosthomedesign.SubscriptionTrackerTests;
				PRODUCT_NAME = "$(TARGET_NAME)";
				STRING_CATALOG_GENERATE_SYMBOLS = NO;
				SWIFT_APPROACHABLE_CONCURRENCY = YES;
				SWIFT_EMIT_LOC_STRINGS = NO;
				SWIFT_UPCOMING_FEATURE_MEMBER_IMPORT_VISIBILITY = YES;
				SWIFT_VERSION = 5.0;
				TARGETED_DEVICE_FAMILY = "1,2";
				TEST_HOST = "$(BUILT_PRODUCTS_DIR)/SubscriptionTracker.app/$(BUNDLE_EXECUTABLE_FOLDER_PATH)/SubscriptionTracker";
			};
			name = Release;
		};
		4403D7D6302DFC3600A8FC53 /* Debug */ = {
			isa = XCBuildConfiguration;
			buildSettings = {
				CODE_SIGN_STYLE = Automatic;
				CURRENT_PROJECT_VERSION = 1;
				DEVELOPMENT_TEAM = 7YDJPF69B8;
				GENERATE_INFOPLIST_FILE = YES;
				MARKETING_VERSION = 1.0;
				PRODUCT_BUNDLE_IDENTIFIER = com.provosthomedesign.SubscriptionTrackerUITests;
				PRODUCT_NAME = "$(TARGET_NAME)";
				STRING_CATALOG_GENERATE_SYMBOLS = NO;
				SWIFT_APPROACHABLE_CONCURRENCY = YES;
				SWIFT_EMIT_LOC_STRINGS = NO;
				SWIFT_UPCOMING_FEATURE_MEMBER_IMPORT_VISIBILITY = YES;
				SWIFT_VERSION = 5.0;
				TARGETED_DEVICE_FAMILY = "1,2";
				TEST_TARGET_NAME = SubscriptionTracker;
			};
			name = Debug;
		};
		4403D7D7302DFC3600A8FC53 /* Release */ = {
			isa = XCBuildConfiguration;
			buildSettings = {
				CODE_SIGN_STYLE = Automatic;
				CURRENT_PROJECT_VERSION = 1;
				DEVELOPMENT_TEAM = 7YDJPF69B8;
				GENERATE_INFOPLIST_FILE = YES;
				MARKETING_VERSION = 1.0;
				PRODUCT_BUNDLE_IDENTIFIER = com.provosthomedesign.SubscriptionTrackerUITests;
				PRODUCT_NAME = "$(TARGET_NAME)";
				STRING_CATALOG_GENERATE_SYMBOLS = NO;
				SWIFT_APPROACHABLE_CONCURRENCY = YES;
				SWIFT_EMIT_LOC_STRINGS = NO;
				SWIFT_UPCOMING_FEATURE_MEMBER_IMPORT_VISIBILITY = YES;
				SWIFT_VERSION = 5.0;
				TARGETED_DEVICE_FAMILY = "1,2";
				TEST_TARGET_NAME = SubscriptionTracker;
			};
			name = Release;
		};
/* End XCBuildConfiguration section */

/* Begin XCConfigurationList section */
		4403D7A7302DFC3400A8FC53 /* Build configuration list for PBXProject "SubscriptionTracker" */ = {
			isa = XCConfigurationList;
			buildConfigurations = (
				4403D7CD302DFC3600A8FC53 /* Debug */,
				4403D7CE302DFC3600A8FC53 /* Release */,
			);
			defaultConfigurationIsVisible = 0;
			defaultConfigurationName = Release;
		};
		4403D7CF302DFC3600A8FC53 /* Build configuration list for PBXNativeTarget "SubscriptionTracker" */ = {
			isa = XCConfigurationList;
			buildConfigurations = (
				4403D7D0302DFC3600A8FC53 /* Debug */,
				4403D7D1302DFC3600A8FC53 /* Release */,
			);
			defaultConfigurationIsVisible = 0;
			defaultConfigurationName = Release;
		};
		4403D7D2302DFC3600A8FC53 /* Build configuration list for PBXNativeTarget "SubscriptionTrackerTests" */ = {
			isa = XCConfigurationList;
			buildConfigurations = (
				4403D7D3302DFC3600A8FC53 /* Debug */,
				4403D7D4302DFC3600A8FC53 /* Release */,
			);
			defaultConfigurationIsVisible = 0;
			defaultConfigurationName = Release;
		};
		4403D7D5302DFC3600A8FC53 /* Build configuration list for PBXNativeTarget "SubscriptionTrackerUITests" */ = {
			isa = XCConfigurationList;
			buildConfigurations = (
				4403D7D6302DFC3600A8FC53 /* Debug */,
				4403D7D7302DFC3600A8FC53 /* Release */,
			);
			defaultConfigurationIsVisible = 0;
			defaultConfigurationName = Release;
		};
/* End XCConfigurationList section */
	};
	rootObject = 4403D7A4302DFC3400A8FC53 /* Project object */;
}
